<?xml version="1.0" encoding="utf-8"?>
<Project ToolsVersion="4.0" xmlns="http://schemas.microsoft.com/developer/msbuild/2003">
  <ItemGroup>
    <Filter Include="common">
      <UniqueIdentifier>{aa9026d9-2953-40ec-96bc-9c5c451e59b4}</UniqueIdentifier>
    </Filter>
    <Filter Include="or">
      <UniqueIdentifier>{25e99ae6-7bc2-4682-82ed-60901baaa8de}</UniqueIdentifier>
    </Filter>
    <Filter Include="or\include">
      <UniqueIdentifier>{5458a580-c3ae-415c-b03a-ff3f697d3e20}</UniqueIdentifier>
    </Filter>
    <Filter Include="common\include">
      <UniqueIdentifier>{e99ae0e7-1d08-4147-84cd-b60074a125ae}</UniqueIdentifier>
    </Filter>
    <Filter Include="ext">
      <UniqueIdentifier>{746bbf67-c265-4115-85dc-43ce1976d4b2}</UniqueIdentifier>
    </Filter>
    <Filter Include="ext\include">
      <UniqueIdentifier>{6e7a2c39-2d07-4b8d-acc8-038defb4ebe8}</UniqueIdentifier>
    </Filter>
    <Filter Include="ext\curve25519_donna">
      <UniqueIdentifier>{5eebb684-76ac-4c95-b2c3-6a479ebda800}</UniqueIdentifier>
    </Filter>
    <Filter Include="resource">
      <UniqueIdentifier>{f3f08768-bf86-4aba-aeb5-b3805674eb35}</UniqueIdentifier>
    </Filter>
    <Filter Include="or\digest">
      <UniqueIdentifier>{0693c2d6-c75a-4171-b8d3-16850db2f42c}</UniqueIdentifier>
    </Filter>
    <Filter Include="common\digest">
      <UniqueIdentifier>{6e5687b7-3fe1-48dd-a933-e4969b6ce1bc}</UniqueIdentifier>
    </Filter>
    <Filter Include="copy">
      <UniqueIdentifier>{953cf722-92d7-4803-ac8e-f0a60cf697db}</UniqueIdentifier>
    </Filter>
  </ItemGroup>
  <ItemGroup>
    <ClInclude Include="..\..\..\..\src\or\addressmap.h">
      <Filter>or\include</Filter>
    </ClInclude>
    <ClInclude Include="..\..\..\..\src\or\buffers.h">
      <Filter>or\include</Filter>
    </ClInclude>
    <ClInclude Include="..\..\..\..\src\or\channel.h">
      <Filter>or\include</Filter>
    </ClInclude>
    <ClInclude Include="..\..\..\..\src\or\channeltls.h">
      <Filter>or\include</Filter>
    </ClInclude>
    <ClInclude Include="..\..\..\..\src\or\circpathbias.h">
      <Filter>or\include</Filter>
    </ClInclude>
    <ClInclude Include="..\..\..\..\src\or\circuitbuild.h">
      <Filter>or\include</Filter>
    </ClInclude>
    <ClInclude Include="..\..\..\..\src\or\circuitlist.h">
      <Filter>or\include</Filter>
    </ClInclude>
    <ClInclude Include="..\..\..\..\src\or\circuitmux.h">
      <Filter>or\include</Filter>
    </ClInclude>
    <ClInclude Include="..\..\..\..\src\or\circuitmux_ewma.h">
      <Filter>or\include</Filter>
    </ClInclude>
    <ClInclude Include="..\..\..\..\src\or\circuitstats.h">
      <Filter>or\include</Filter>
    </ClInclude>
    <ClInclude Include="..\..\..\..\src\or\circuituse.h">
      <Filter>or\include</Filter>
    </ClInclude>
    <ClInclude Include="..\..\..\..\src\or\command.h">
      <Filter>or\include</Filter>
    </ClInclude>
    <ClInclude Include="..\..\..\..\src\or\config.h">
      <Filter>or\include</Filter>
    </ClInclude>
    <ClInclude Include="..\..\..\..\src\or\confparse.h">
      <Filter>or\include</Filter>
    </ClInclude>
    <ClInclude Include="..\..\..\..\src\or\connection.h">
      <Filter>or\include</Filter>
    </ClInclude>
    <ClInclude Include="..\..\..\..\src\or\connection_edge.h">
      <Filter>or\include</Filter>
    </ClInclude>
    <ClInclude Include="..\..\..\..\src\or\connection_or.h">
      <Filter>or\include</Filter>
    </ClInclude>
    <ClInclude Include="..\..\..\..\src\or\control.h">
      <Filter>or\include</Filter>
    </ClInclude>
    <ClInclude Include="..\..\..\..\src\or\cpuworker.h">
      <Filter>or\include</Filter>
    </ClInclude>
    <ClInclude Include="..\..\..\..\src\or\directory.h">
      <Filter>or\include</Filter>
    </ClInclude>
    <ClInclude Include="..\..\..\..\src\or\dirserv.h">
      <Filter>or\include</Filter>
    </ClInclude>
    <ClInclude Include="..\..\..\..\src\or\dirvote.h">
      <Filter>or\include</Filter>
    </ClInclude>
    <ClInclude Include="..\..\..\..\src\or\dns.h">
      <Filter>or\include</Filter>
    </ClInclude>
    <ClInclude Include="..\..\..\..\src\or\entrynodes.h">
      <Filter>or\include</Filter>
    </ClInclude>
    <ClInclude Include="..\..\..\..\src\or\dnsserv.h">
      <Filter>or\include</Filter>
    </ClInclude>
    <ClInclude Include="..\..\..\..\src\or\eventdns_tor.h">
      <Filter>or\include</Filter>
    </ClInclude>
    <ClInclude Include="..\..\..\..\src\or\ext_orport.h">
      <Filter>or\include</Filter>
    </ClInclude>
    <ClInclude Include="..\..\..\..\src\or\fp_pair.h">
      <Filter>or\include</Filter>
    </ClInclude>
    <ClInclude Include="..\..\..\..\src\or\geoip.h">
      <Filter>or\include</Filter>
    </ClInclude>
    <ClInclude Include="..\..\..\..\src\or\hibernate.h">
      <Filter>or\include</Filter>
    </ClInclude>
    <ClInclude Include="..\..\..\..\src\or\main.h">
      <Filter>or\include</Filter>
    </ClInclude>
    <ClInclude Include="..\..\..\..\src\or\microdesc.h">
      <Filter>or\include</Filter>
    </ClInclude>
    <ClInclude Include="..\..\..\..\src\or\networkstatus.h">
      <Filter>or\include</Filter>
    </ClInclude>
    <ClInclude Include="..\..\..\..\src\or\nodelist.h">
      <Filter>or\include</Filter>
    </ClInclude>
    <ClInclude Include="..\..\..\..\src\or\ntmain.h">
      <Filter>or\include</Filter>
    </ClInclude>
    <ClInclude Include="..\..\..\..\src\or\onion.h">
      <Filter>or\include</Filter>
    </ClInclude>
    <ClInclude Include="..\..\..\..\src\or\onion_fast.h">
      <Filter>or\include</Filter>
    </ClInclude>
    <ClInclude Include="..\..\..\..\src\or\onion_ntor.h">
      <Filter>or\include</Filter>
    </ClInclude>
    <ClInclude Include="..\..\..\..\src\or\onion_tap.h">
      <Filter>or\include</Filter>
    </ClInclude>
    <ClInclude Include="..\..\..\..\src\or\or.h">
      <Filter>or\include</Filter>
    </ClInclude>
    <ClInclude Include="..\..\..\..\src\or\policies.h">
      <Filter>or\include</Filter>
    </ClInclude>
    <ClInclude Include="..\..\..\..\src\or\reasons.h">
      <Filter>or\include</Filter>
    </ClInclude>
    <ClInclude Include="..\..\..\..\src\or\relay.h">
      <Filter>or\include</Filter>
    </ClInclude>
    <ClInclude Include="..\..\..\..\src\or\rendclient.h">
      <Filter>or\include</Filter>
    </ClInclude>
    <ClInclude Include="..\..\..\..\src\or\rendcommon.h">
      <Filter>or\include</Filter>
    </ClInclude>
    <ClInclude Include="..\..\..\..\src\or\rendmid.h">
      <Filter>or\include</Filter>
    </ClInclude>
    <ClInclude Include="..\..\..\..\src\or\rendservice.h">
      <Filter>or\include</Filter>
    </ClInclude>
    <ClInclude Include="..\..\..\..\src\or\rephist.h">
      <Filter>or\include</Filter>
    </ClInclude>
    <ClInclude Include="..\..\..\..\src\or\replaycache.h">
      <Filter>or\include</Filter>
    </ClInclude>
    <ClInclude Include="..\..\..\..\src\or\router.h">
      <Filter>or\include</Filter>
    </ClInclude>
    <ClInclude Include="..\..\..\..\src\or\routerlist.h">
      <Filter>or\include</Filter>
    </ClInclude>
    <ClInclude Include="..\..\..\..\src\or\routerparse.h">
      <Filter>or\include</Filter>
    </ClInclude>
    <ClInclude Include="..\..\..\..\src\or\routerset.h">
      <Filter>or\include</Filter>
    </ClInclude>
    <ClInclude Include="..\..\..\..\src\or\statefile.h">
      <Filter>or\include</Filter>
    </ClInclude>
    <ClInclude Include="..\..\..\..\src\or\status.h">
      <Filter>or\include</Filter>
    </ClInclude>
    <ClInclude Include="..\..\..\..\src\or\transports.h">
      <Filter>or\include</Filter>
    </ClInclude>
    <ClInclude Include="..\..\..\..\src\common\address.h">
      <Filter>common\include</Filter>
    </ClInclude>
    <ClInclude Include="..\..\..\..\src\common\aes.h">
      <Filter>common\include</Filter>
    </ClInclude>
    <ClInclude Include="..\..\..\..\src\common\backtrace.h">
      <Filter>common\include</Filter>
    </ClInclude>
    <ClInclude Include="..\..\..\..\src\common\compat.h">
      <Filter>common\include</Filter>
    </ClInclude>
    <ClInclude Include="..\..\..\..\src\common\compat_libevent.h">
      <Filter>common\include</Filter>
    </ClInclude>
    <ClInclude Include="..\..\..\..\src\common\container.h">
      <Filter>common\include</Filter>
    </ClInclude>
    <ClInclude Include="..\..\..\..\src\common\crypto.h">
      <Filter>common\include</Filter>
    </ClInclude>
    <ClInclude Include="..\..\..\..\src\common\crypto_curve25519.h">
      <Filter>common\include</Filter>
    </ClInclude>
    <ClInclude Include="..\..\..\..\src\common\di_ops.h">
      <Filter>common\include</Filter>
    </ClInclude>
    <ClInclude Include="..\..\..\..\src\common\memarea.h">
      <Filter>common\include</Filter>
    </ClInclude>
    <ClInclude Include="..\..\..\..\src\common\mempool.h">
      <Filter>common\include</Filter>
    </ClInclude>
    <ClInclude Include="..\..\..\..\src\common\procmon.h">
      <Filter>common\include</Filter>
    </ClInclude>
    <ClInclude Include="..\..\..\..\src\common\sandbox.h">
      <Filter>common\include</Filter>
    </ClInclude>
    <ClInclude Include="..\..\..\..\src\common\testsupport.h">
      <Filter>common\include</Filter>
    </ClInclude>
    <ClInclude Include="..\..\..\..\src\common\torgzip.h">
      <Filter>common\include</Filter>
    </ClInclude>
    <ClInclude Include="..\..\..\..\src\common\torint.h">
      <Filter>common\include</Filter>
    </ClInclude>
    <ClInclude Include="..\..\..\..\src\common\torlog.h">
      <Filter>common\include</Filter>
    </ClInclude>
    <ClInclude Include="..\..\..\..\src\common\tortls.h">
      <Filter>common\include</Filter>
    </ClInclude>
    <ClInclude Include="..\..\..\..\src\common\util.h">
      <Filter>common\include</Filter>
    </ClInclude>
    <ClInclude Include="..\..\..\..\src\common\orconfig.h">
      <Filter>common\include</Filter>
    </ClInclude>
    <ClInclude Include="..\..\..\..\src\ext\eventdns.h">
      <Filter>ext\include</Filter>
    </ClInclude>
    <ClInclude Include="..\..\..\..\src\ext\ht.h">
      <Filter>ext\include</Filter>
    </ClInclude>
    <ClInclude Include="..\..\..\..\src\ext\siphash.h">
      <Filter>ext\include</Filter>
    </ClInclude>
    <ClInclude Include="..\..\..\..\src\ext\tor_queue.h">
      <Filter>ext\include</Filter>
    </ClInclude>
    <ClInclude Include="..\..\orconfig.h">
      <Filter>copy</Filter>
    </ClInclude>
    <ClInclude Include="..\..\resource.h">
      <Filter>resource</Filter>
    </ClInclude>
  </ItemGroup>
  <ItemGroup>
    <ClCompile Include="..\..\..\..\src\common\address.c">
      <Filter>common</Filter>
    </ClCompile>
    <ClCompile Include="..\..\..\..\src\common\aes.c">
      <Filter>common</Filter>
    </ClCompile>
    <ClCompile Include="..\..\..\..\src\common\backtrace.c">
      <Filter>common</Filter>
    </ClCompile>
    <ClCompile Include="..\..\..\..\src\common\compat.c">
      <Filter>common</Filter>
    </ClCompile>
    <ClCompile Include="..\..\..\..\src\common\compat_libevent.c">
      <Filter>common</Filter>
    </ClCompile>
    <ClCompile Include="..\..\..\..\src\common\container.c">
      <Filter>common</Filter>
    </ClCompile>
    <ClCompile Include="..\..\..\..\src\common\crypto.c">
      <Filter>common</Filter>
    </ClCompile>
    <ClCompile Include="..\..\..\..\src\common\crypto_curve25519.c">
      <Filter>common</Filter>
    </ClCompile>
    <ClCompile Include="..\..\..\..\src\common\crypto_format.c">
      <Filter>common</Filter>
    </ClCompile>
    <ClCompile Include="..\..\..\..\src\common\di_ops.c">
      <Filter>common</Filter>
    </ClCompile>
    <ClCompile Include="..\..\..\..\src\common\log.c">
      <Filter>common</Filter>
    </ClCompile>
    <ClCompile Include="..\..\..\..\src\common\memarea.c">
      <Filter>common</Filter>
    </ClCompile>
    <ClCompile Include="..\..\..\..\src\common\mempool.c">
      <Filter>common</Filter>
    </ClCompile>
    <ClCompile Include="..\..\..\..\src\common\procmon.c">
      <Filter>common</Filter>
    </ClCompile>
    <ClCompile Include="..\..\..\..\src\common\sandbox.c">
      <Filter>common</Filter>
    </ClCompile>
    <ClCompile Include="..\..\..\..\src\common\torgzip.c">
      <Filter>common</Filter>
    </ClCompile>
    <ClCompile Include="..\..\..\..\src\common\tortls.c">
      <Filter>common</Filter>
    </ClCompile>
    <ClCompile Include="..\..\..\..\src\common\util.c">
      <Filter>common</Filter>
    </ClCompile>
    <ClCompile Include="..\..\..\..\src\or\addressmap.c">
      <Filter>or</Filter>
    </ClCompile>
    <ClCompile Include="..\..\..\..\src\or\buffers.c">
      <Filter>or</Filter>
    </ClCompile>
    <ClCompile Include="..\..\..\..\src\or\channel.c">
      <Filter>or</Filter>
    </ClCompile>
    <ClCompile Include="..\..\..\..\src\or\channeltls.c">
      <Filter>or</Filter>
    </ClCompile>
    <ClCompile Include="..\..\..\..\src\or\circpathbias.c">
      <Filter>or</Filter>
    </ClCompile>
    <ClCompile Include="..\..\..\..\src\or\circuitbuild.c">
      <Filter>or</Filter>
    </ClCompile>
    <ClCompile Include="..\..\..\..\src\or\circuitlist.c">
      <Filter>or</Filter>
    </ClCompile>
    <ClCompile Include="..\..\..\..\src\or\circuitmux.c">
      <Filter>or</Filter>
    </ClCompile>
    <ClCompile Include="..\..\..\..\src\or\circuitmux_ewma.c">
      <Filter>or</Filter>
    </ClCompile>
    <ClCompile Include="..\..\..\..\src\or\circuitstats.c">
      <Filter>or</Filter>
    </ClCompile>
    <ClCompile Include="..\..\..\..\src\or\circuituse.c">
      <Filter>or</Filter>
    </ClCompile>
    <ClCompile Include="..\..\..\..\src\or\command.c">
      <Filter>or</Filter>
    </ClCompile>
    <ClCompile Include="..\..\..\..\src\or\config.c">
      <Filter>or</Filter>
    </ClCompile>
    <ClCompile Include="..\..\..\..\src\or\confparse.c">
      <Filter>or</Filter>
    </ClCompile>
    <ClCompile Include="..\..\..\..\src\or\connection.c">
      <Filter>or</Filter>
    </ClCompile>
    <ClCompile Include="..\..\..\..\src\or\connection_edge.c">
      <Filter>or</Filter>
    </ClCompile>
    <ClCompile Include="..\..\..\..\src\or\connection_or.c">
      <Filter>or</Filter>
    </ClCompile>
    <ClCompile Include="..\..\..\..\src\or\control.c">
      <Filter>or</Filter>
    </ClCompile>
    <ClCompile Include="..\..\..\..\src\or\cpuworker.c">
      <Filter>or</Filter>
    </ClCompile>
    <ClCompile Include="..\..\..\..\src\or\directory.c">
      <Filter>or</Filter>
    </ClCompile>
    <ClCompile Include="..\..\..\..\src\or\dirserv.c">
      <Filter>or</Filter>
    </ClCompile>
    <ClCompile Include="..\..\..\..\src\or\dirvote.c">
      <Filter>or</Filter>
    </ClCompile>
    <ClCompile Include="..\..\..\..\src\or\dns.c">
      <Filter>or</Filter>
    </ClCompile>
    <ClCompile Include="..\..\..\..\src\or\dnsserv.c">
      <Filter>or</Filter>
    </ClCompile>
    <ClCompile Include="..\..\..\..\src\or\entrynodes.c">
      <Filter>or</Filter>
    </ClCompile>
    <ClCompile Include="..\..\..\..\src\or\ext_orport.c">
      <Filter>or</Filter>
    </ClCompile>
    <ClCompile Include="..\..\..\..\src\or\fp_pair.c">
      <Filter>or</Filter>
    </ClCompile>
    <ClCompile Include="..\..\..\..\src\or\geoip.c">
      <Filter>or</Filter>
    </ClCompile>
    <ClCompile Include="..\..\..\..\src\or\hibernate.c">
      <Filter>or</Filter>
    </ClCompile>
    <ClCompile Include="..\..\..\..\src\or\microdesc.c">
      <Filter>or</Filter>
    </ClCompile>
    <ClCompile Include="..\..\..\..\src\or\networkstatus.c">
      <Filter>or</Filter>
    </ClCompile>
    <ClCompile Include="..\..\..\..\src\or\nodelist.c">
      <Filter>or</Filter>
    </ClCompile>
    <ClCompile Include="..\..\..\..\src\or\onion.c">
      <Filter>or</Filter>
    </ClCompile>
    <ClCompile Include="..\..\..\..\src\or\onion_fast.c">
      <Filter>or</Filter>
    </ClCompile>
    <ClCompile Include="..\..\..\..\src\or\onion_ntor.c">
      <Filter>or</Filter>
    </ClCompile>
    <ClCompile Include="..\..\..\..\src\or\onion_tap.c">
      <Filter>or</Filter>
    </ClCompile>
    <ClCompile Include="..\..\..\..\src\or\policies.c">
      <Filter>or</Filter>
    </ClCompile>
    <ClCompile Include="..\..\..\..\src\or\reasons.c">
      <Filter>or</Filter>
    </ClCompile>
    <ClCompile Include="..\..\..\..\src\or\relay.c">
      <Filter>or</Filter>
    </ClCompile>
    <ClCompile Include="..\..\..\..\src\or\rendclient.c">
      <Filter>or</Filter>
    </ClCompile>
    <ClCompile Include="..\..\..\..\src\or\rendcommon.c">
      <Filter>or</Filter>
    </ClCompile>
    <ClCompile Include="..\..\..\..\src\or\rendmid.c">
      <Filter>or</Filter>
    </ClCompile>
    <ClCompile Include="..\..\..\..\src\or\rendservice.c">
      <Filter>or</Filter>
    </ClCompile>
    <ClCompile Include="..\..\..\..\src\or\rephist.c">
      <Filter>or</Filter>
    </ClCompile>
    <ClCompile Include="..\..\..\..\src\or\replaycache.c">
      <Filter>or</Filter>
    </ClCompile>
    <ClCompile Include="..\..\..\..\src\or\router.c">
      <Filter>or</Filter>
    </ClCompile>
    <ClCompile Include="..\..\..\..\src\or\routerlist.c">
      <Filter>or</Filter>
    </ClCompile>
    <ClCompile Include="..\..\..\..\src\or\routerparse.c">
      <Filter>or</Filter>
    </ClCompile>
    <ClCompile Include="..\..\..\..\src\or\routerset.c">
      <Filter>or</Filter>
    </ClCompile>
    <ClCompile Include="..\..\..\..\src\or\statefile.c">
      <Filter>or</Filter>
    </ClCompile>
    <ClCompile Include="..\..\..\..\src\or\status.c">
      <Filter>or</Filter>
    </ClCompile>
    <ClCompile Include="..\..\..\..\src\or\transports.c">
      <Filter>or</Filter>
    </ClCompile>
    <ClCompile Include="..\..\..\..\src\or\main.c" />
    <ClCompile Include="..\..\..\..\src\or\ntmain.c" />
    <ClCompile Include="..\..\..\..\src\ext\csiphash.c">
      <Filter>ext</Filter>
    </ClCompile>
    <ClCompile Include="..\..\..\..\src\ext\eventdns.c">
      <Filter>ext</Filter>
    </ClCompile>
    <ClCompile Include="..\..\..\..\src\ext\strlcat.c">
      <Filter>ext</Filter>
    </ClCompile>
    <ClCompile Include="..\..\..\..\src\ext\strlcpy.c">
      <Filter>ext</Filter>
    </ClCompile>
    <ClCompile Include="..\..\..\..\src\ext\curve25519_donna\curve25519-donna.c">
      <Filter>ext\curve25519_donna</Filter>
    </ClCompile>
    <ClCompile Include="..\..\..\..\src\or\config_codedigest.c">
      <Filter>or\digest</Filter>
    </ClCompile>
    <ClCompile Include="..\..\..\..\src\common\util_codedigest.c">
      <Filter>common\digest</Filter>
    </ClCompile>
    <ClCompile Include="..\..\..\..\src\ext\curve25519_donna\curve25519-donna-c64.c">
      <Filter>ext\curve25519_donna</Filter>
    </ClCompile>
    <ClCompile Include="..\..\..\..\src\or\tor_main.c" />
  </ItemGroup>
  <ItemGroup>
    <None Include="..\..\..\..\src\common\ciphers.inc">
      <Filter>common\include</Filter>
    </None>
    <None Include="..\..\..\..\src\common\linux_syscalls.inc">
      <Filter>common\include</Filter>
    </None>
    <None Include="..\..\..\..\src\common\common_sha1.i">
      <Filter>common\digest</Filter>
    </None>
    <None Include="..\..\..\..\src\or\or_sha1.i">
      <Filter>or\digest</Filter>
    </None>
    <None Include="..\..\common_sha1.i">
      <Filter>copy</Filter>
    </None>
    <None Include="..\..\or_sha1.i">
      <Filter>copy</Filter>
    </None>
    <None Include="packages.config" />
  </ItemGroup>
  <ItemGroup>
    <ResourceCompile Include="..\..\resource.rc">
      <Filter>resource</Filter>
    </ResourceCompile>
  </ItemGroup>
</Project>